
Microsoft Visual Studio Solution File, Format Version 12.00
# Visual Studio Version 16
VisualStudioVersion = 16.0.31019.35
MinimumVisualStudioVersion = 10.0.40219.1
Project("{FAE04EC0-301F-11D3-BF4B-00C04F79EFBC}") = "RemoteCodeAnalyzer", "RemoteCodeAnalyzer\RemoteCodeAnalyzer.csproj", "{FE923CBA-EF05-4645-8533-D915CC8FB52D}"
EndProject
Project("{FAE04EC0-301F-11D3-BF4B-00C04F79EFBC}") = "Server", "WCF\Server.csproj", "{D92C040F-D414-4041-8FBA-A2C37AC7BF6B}"
EndProject
Global
	GlobalSection(SolutionConfigurationPlatforms) = preSolution
		Debug|Any CPU = Debug|Any CPU
		Release|Any CPU = Release|Any CPU
	EndGlobalSection
	GlobalSection(ProjectConfigurationPlatforms) = postSolution
		{FE923CBA-EF05-4645-8533-D915CC8FB52D}.Debug|Any CPU.ActiveCfg = Debug|Any CPU
		{FE923CBA-EF05-4645-8533-D915CC8FB52D}.Debug|Any CPU.Build.0 = Debug|Any CPU
		{FE923CBA-EF05-4645-8533-D915CC8FB52D}.Release|Any CPU.ActiveCfg = Release|Any CPU
		{FE923CBA-EF05-4645-8533-D915CC8FB52D}.Release|Any CPU.Build.0 = Release|Any CPU
		{D92C040F-D414-4041-8FBA-A2C37AC7BF6B}.Debug|Any CPU.ActiveCfg = Debug|Any CPU
		{D92C040F-D414-4041-8FBA-A2C37AC7BF6B}.Debug|Any CPU.Build.0 = Debug|Any CPU
		{D92C040F-D414-4041-8FBA-A2C37AC7BF6B}.Release|Any CPU.ActiveCfg = Release|Any CPU
		{D92C040F-D414-4041-8FBA-A2C37AC7BF6B}.Release|Any CPU.Build.0 = Release|Any CPU
	EndGlobalSection
	GlobalSection(SolutionProperties) = preSolution
		HideSolutionNode = FALSE
	EndGlobalSection
	GlobalSection(ExtensibilityGlobals) = postSolution
		SolutionGuid = {A67C6459-341F-4E9D-BBAD-A81EF1372BA1}
	EndGlobalSection
EndGlobal
